// !$*UTF8*$!
{
	archiveVersion = 1;
	classes = {
	};
	objectVersion = 55;
	objects = {

/* Begin PBXBuildFile section */
		241CB628273D3DEB00F1CD86 /* Article.swift in Sources */ = {isa = PBXBuildFile; fileRef = 241CB627273D3DEB00F1CD86 /* Article.swift */; };
		241CB62C273D417200F1CD86 /* ArticleViewModel.swift in Sources */ = {isa = PBXBuildFile; fileRef = 241CB62B273D417200F1CD86 /* ArticleViewModel.swift */; };
		241CB62E273D4E5C00F1CD86 /* ArticlesViewController.swift in Sources */ = {isa = PBXBuildFile; fileRef = 241CB62D273D4E5C00F1CD86 /* ArticlesViewController.swift */; };
		2492B1BE273CECFB0025C16F /* StockCell.swift in Sources */ = {isa = PBXBuildFile; fileRef = 2492B1BC273CECFB0025C16F /* StockCell.swift */; };
		2497FDF5273BFB0500156AF7 /* AppDelegate.swift in Sources */ = {isa = PBXBuildFile; fileRef = 2497FDF4273BFB0500156AF7 /* AppDelegate.swift */; };
		2497FDF7273BFB0500156AF7 /* SceneDelegate.swift in Sources */ = {isa = PBXBuildFile; fileRef = 2497FDF6273BFB0500156AF7 /* SceneDelegate.swift */; };
		2497FDF9273BFB0500156AF7 /* MainViewController.swift in Sources */ = {isa = PBXBuildFile; fileRef = 2497FDF8273BFB0500156AF7 /* MainViewController.swift */; };
		2497FDFC273BFB0500156AF7 /* Main.storyboard in Resources */ = {isa = PBXBuildFile; fileRef = 2497FDFA273BFB0500156AF7 /* Main.storyboard */; };
		2497FDFE273BFB0D00156AF7 /* Assets.xcassets in Resources */ = {isa = PBXBuildFile; fileRef = 2497FDFD273BFB0D00156AF7 /* Assets.xcassets */; };
		2497FE01273BFB0D00156AF7 /* LaunchScreen.storyboard in Resources */ = {isa = PBXBuildFile; fileRef = 2497FDFF273BFB0D00156AF7 /* LaunchScreen.storyboard */; };
		2497FE10273BFB5300156AF7 /* StockViewModel.swift in Sources */ = {isa = PBXBuildFile; fileRef = 2497FE0A273BFB5300156AF7 /* StockViewModel.swift */; };
		2497FE11273BFB5300156AF7 /* StockListViewModel.swift in Sources */ = {isa = PBXBuildFile; fileRef = 2497FE0B273BFB5300156AF7 /* StockListViewModel.swift */; };
		2497FE12273BFB5300156AF7 /* Stock.swift in Sources */ = {isa = PBXBuildFile; fileRef = 2497FE0D273BFB5300156AF7 /* Stock.swift */; };
		2497FE13273BFB5300156AF7 /* Webservice.swift in Sources */ = {isa = PBXBuildFile; fileRef = 2497FE0F273BFB5300156AF7 /* Webservice.swift */; };
/* End PBXBuildFile section */

/* Begin PBXFileReference section */
		241CB627273D3DEB00F1CD86 /* Article.swift */ = {isa = PBXFileReference; lastKnownFileType = sourcecode.swift; path = Article.swift; sourceTree = "<group>"; };
		241CB62B273D417200F1CD86 /* ArticleViewModel.swift */ = {isa = PBXFileReference; lastKnownFileType = sourcecode.swift; path = ArticleViewModel.swift; sourceTree = "<group>"; };
		241CB62D273D4E5C00F1CD86 /* ArticlesViewController.swift */ = {isa = PBXFileReference; lastKnownFileType = sourcecode.swift; path = ArticlesViewController.swift; sourceTree = "<group>"; };
		2492B1BC273CECFB0025C16F /* StockCell.swift */ = {isa = PBXFileReference; lastKnownFileType = sourcecode.swift; path = StockCell.swift; sourceTree = "<group>"; };
		2497FDF1273BFB0500156AF7 /* Stocks-app-UIKit.app */ = {isa = PBXFileReference; explicitFileType = wrapper.application; includeInIndex = 0; path = "Stocks-app-UIKit.app"; sourceTree = BUILT_PRODUCTS_DIR; };
		2497FDF4273BFB0500156AF7 /* AppDelegate.swift */ = {isa = PBXFileReference; lastKnownFileType = sourcecode.swift; path = AppDelegate.swift; sourceTree = "<group>"; };
		2497FDF6273BFB0500156AF7 /* SceneDelegate.swift */ = {isa = PBXFileReference; lastKnownFileType = sourcecode.swift; path = SceneDelegate.swift; sourceTree = "<group>"; };
		2497FDF8273BFB0500156AF7 /* MainViewController.swift */ = {isa = PBXFileReference; lastKnownFileType = sourcecode.swift; path = MainViewController.swift; sourceTree = "<group>"; };
		2497FDFB273BFB0500156AF7 /* Base */ = {isa = PBXFileReference; lastKnownFileType = file.storyboard; name = Base; path = Base.lproj/Main.storyboard; sourceTree = "<group>"; };
		2497FDFD273BFB0D00156AF7 /* Assets.xcassets */ = {isa = PBXFileReference; lastKnownFileType = folder.assetcatalog; path = Assets.xcassets; sourceTree = "<group>"; };
		2497FE00273BFB0D00156AF7 /* Base */ = {isa = PBXFileReference; lastKnownFileType = file.storyboard; name = Base; path = Base.lproj/LaunchScreen.storyboard; sourceTree = "<group>"; };
		2497FE02273BFB0D00156AF7 /* Info.plist */ = {isa = PBXFileReference; lastKnownFileType = text.plist.xml; path = Info.plist; sourceTree = "<group>"; };
		2497FE0A273BFB5300156AF7 /* StockViewModel.swift */ = {isa = PBXFileReference; fileEncoding = 4; lastKnownFileType = sourcecode.swift; path = StockViewModel.swift; sourceTree = "<group>"; };
		2497FE0B273BFB5300156AF7 /* StockListViewModel.swift */ = {isa = PBXFileReference; fileEncoding = 4; lastKnownFileType = sourcecode.swift; path = StockListViewModel.swift; sourceTree = "<group>"; };
		2497FE0D273BFB5300156AF7 /* Stock.swift */ = {isa = PBXFileReference; fileEncoding = 4; lastKnownFileType = sourcecode.swift; path = Stock.swift; sourceTree = "<group>"; };
		2497FE0F273BFB5300156AF7 /* Webservice.swift */ = {isa = PBXFileReference; fileEncoding = 4; lastKnownFileType = sourcecode.swift; path = Webservice.swift; sourceTree = "<group>"; };
/* End PBXFileReference section */

/* Begin PBXFrameworksBuildPhase section */
		2497FDEE273BFB0500156AF7 /* Frameworks */ = {
			isa = PBXFrameworksBuildPhase;
			buildActionMask = 2147483647;
			files = (
			);
			runOnlyForDeploymentPostprocessing = 0;
		};
/* End PBXFrameworksBuildPhase section */

/* Begin PBXGroup section */
		241CB629273D414400F1CD86 /* StockViewModel */ = {
			isa = PBXGroup;
			children = (
				2497FE0A273BFB5300156AF7 /* StockViewModel.swift */,
				2497FE0B273BFB5300156AF7 /* StockListViewModel.swift */,
			);
			path = StockViewModel;
			sourceTree = "<group>";
		};
		241CB62A273D415500F1CD86 /* ArticleViewModel */ = {
			isa = PBXGroup;
			children = (
				241CB62B273D417200F1CD86 /* ArticleViewModel.swift */,
			);
			path = ArticleViewModel;
			sourceTree = "<group>";
		};
		2492B1BB273CECD80025C16F /* Cell */ = {
			isa = PBXGroup;
			children = (
				2492B1BC273CECFB0025C16F /* StockCell.swift */,
			);
			path = Cell;
			sourceTree = "<group>";
		};
		2497FDE8273BFB0500156AF7 = {
			isa = PBXGroup;
			children = (
				2497FDF3273BFB0500156AF7 /* Stocks-app-UIKit */,
				2497FDF2273BFB0500156AF7 /* Products */,
			);
			sourceTree = "<group>";
		};
		2497FDF2273BFB0500156AF7 /* Products */ = {
			isa = PBXGroup;
			children = (
				2497FDF1273BFB0500156AF7 /* Stocks-app-UIKit.app */,
			);
			name = Products;
			sourceTree = "<group>";
		};
		2497FDF3273BFB0500156AF7 /* Stocks-app-UIKit */ = {
			isa = PBXGroup;
			children = (
				2497FE08273BFB1E00156AF7 /* App */,
				2492B1BB273CECD80025C16F /* Cell */,
				2497FE0C273BFB5300156AF7 /* Models */,
				2497FE0E273BFB5300156AF7 /* Services */,
				2497FE09273BFB5300156AF7 /* ViewModels */,
				2497FDF8273BFB0500156AF7 /* MainViewController.swift */,
				241CB62D273D4E5C00F1CD86 /* ArticlesViewController.swift */,
				2497FDFA273BFB0500156AF7 /* Main.storyboard */,
				2497FDFD273BFB0D00156AF7 /* Assets.xcassets */,
				2497FDFF273BFB0D00156AF7 /* LaunchScreen.storyboard */,
				2497FE02273BFB0D00156AF7 /* Info.plist */,
			);
			path = "Stocks-app-UIKit";
			sourceTree = "<group>";
		};
		2497FE08273BFB1E00156AF7 /* App */ = {
			isa = PBXGroup;
			children = (
				2497FDF4273BFB0500156AF7 /* AppDelegate.swift */,
				2497FDF6273BFB0500156AF7 /* SceneDelegate.swift */,
			);
			path = App;
			sourceTree = "<group>";
		};
		2497FE09273BFB5300156AF7 /* ViewModels */ = {
			isa = PBXGroup;
			children = (
				241CB62A273D415500F1CD86 /* ArticleViewModel */,
				241CB629273D414400F1CD86 /* StockViewModel */,
			);
			path = ViewModels;
			sourceTree = "<group>";
		};
		2497FE0C273BFB5300156AF7 /* Models */ = {
			isa = PBXGroup;
			children = (
				2497FE0D273BFB5300156AF7 /* Stock.swift */,
				241CB627273D3DEB00F1CD86 /* Article.swift */,
			);
			path = Models;
			sourceTree = "<group>";
		};
		2497FE0E273BFB5300156AF7 /* Services */ = {
			isa = PBXGroup;
			children = (
				2497FE0F273BFB5300156AF7 /* Webservice.swift */,
			);
			path = Services;
			sourceTree = "<group>";
		};
/* End PBXGroup section */

/* Begin PBXNativeTarget section */
		2497FDF0273BFB0500156AF7 /* Stocks-app-UIKit */ = {
			isa = PBXNativeTarget;
			buildConfigurationList = 2497FE05273BFB0D00156AF7 /* Build configuration list for PBXNativeTarget "Stocks-app-UIKit" */;
			buildPhases = (
				2497FDED273BFB0500156AF7 /* Sources */,
				2497FDEE273BFB0500156AF7 /* Frameworks */,
				2497FDEF273BFB0500156AF7 /* Resources */,
			);
			buildRules = (
			);
			dependencies = (
			);
			name = "Stocks-app-UIKit";
			productName = "Stocks-app-UIKit";
			productReference = 2497FDF1273BFB0500156AF7 /* Stocks-app-UIKit.app */;
			productType = "com.apple.product-type.application";
		};
/* End PBXNativeTarget section */

/* Begin PBXProject section */
		2497FDE9273BFB0500156AF7 /* Project object */ = {
			isa = PBXProject;
			attributes = {
				BuildIndependentTargetsInParallel = 1;
				LastSwiftUpdateCheck = 1310;
				LastUpgradeCheck = 1310;
				TargetAttributes = {
					2497FDF0273BFB0500156AF7 = {
						CreatedOnToolsVersion = 13.1;
					};
				};
			};
			buildConfigurationList = 2497FDEC273BFB0500156AF7 /* Build configuration list for PBXProject "Stocks-app-UIKit" */;
			compatibilityVersion = "Xcode 13.0";
			developmentRegion = en;
			hasScannedForEncodings = 0;
			knownRegions = (
				en,
				Base,
			);
			mainGroup = 2497FDE8273BFB0500156AF7;
			productRefGroup = 2497FDF2273BFB0500156AF7 /* Products */;
			projectDirPath = "";
			projectRoot = "";
			targets = (
				2497FDF0273BFB0500156AF7 /* Stocks-app-UIKit */,
			);
		};
/* End PBXProject section */

/* Begin PBXResourcesBuildPhase section */
		2497FDEF273BFB0500156AF7 /* Resources */ = {
			isa = PBXResourcesBuildPhase;
			buildActionMask = 2147483647;
			files = (
				2497FE01273BFB0D00156AF7 /* LaunchScreen.storyboard in Resources */,
				2497FDFE273BFB0D00156AF7 /* Assets.xcassets in Resources */,
				2497FDFC273BFB0500156AF7 /* Main.storyboard in Resources */,
			);
			runOnlyForDeploymentPostprocessing = 0;
		};
/* End PBXResourcesBuildPhase section */

/* Begin PBXSourcesBuildPhase section */
		2497FDED273BFB0500156AF7 /* Sources */ = {
			isa = PBXSourcesBuildPhase;
			buildActionMask = 2147483647;
			files = (
				241CB62E273D4E5C00F1CD86 /* ArticlesViewController.swift in Sources */,
				2497FDF9273BFB0500156AF7 /* MainViewController.swift in Sources */,
				2497FE13273BFB5300156AF7 /* Webservice.swift in Sources */,
				241CB628273D3DEB00F1CD86 /* Article.swift in Sources */,
				241CB62C273D417200F1CD86 /* ArticleViewModel.swift in Sources */,
				2497FDF5273BFB0500156AF7 /* AppDelegate.swift in Sources */,
				2497FE12273BFB5300156AF7 /* Stock.swift in Sources */,
				2497FDF7273BFB0500156AF7 /* SceneDelegate.swift in Sources */,
				2497FE10273BFB5300156AF7 /* StockViewModel.swift in Sources */,
				2492B1BE273CECFB0025C16F /* StockCell.swift in Sources */,
				2497FE11273BFB5300156AF7 /* StockListViewModel.swift in Sources */,
			);
			runOnlyForDeploymentPostprocessing = 0;
		};
/* End PBXSourcesBuildPhase section */

/* Begin PBXVariantGroup section */
		2497FDFA273BFB0500156AF7 /* Main.storyboard */ = {
			isa = PBXVariantGroup;
			children = (
				2497FDFB273BFB0500156AF7 /* Base */,
			);
			name = Main.storyboard;
			sourceTree = "<group>";
		};
		2497FDFF273BFB0D00156AF7 /* LaunchScreen.storyboard */ = {
			isa = PBXVariantGroup;
			children = (
				2497FE00273BFB0D00156AF7 /* Base */,
			);
			name = LaunchScreen.storyboard;
			sourceTree = "<group>";
		};
/* End PBXVariantGroup section */

/* Begin XCBuildConfiguration section */
		2497FE03273BFB0D00156AF7 /* Debug */ = {
			isa = XCBuildConfiguration;
			buildSettings = {
				ALWAYS_SEARCH_USER_PATHS = NO;
				CLANG_ANALYZER_NONNULL = YES;
				CLANG_ANALYZER_NUMBER_OBJECT_CONVERSION = YES_AGGRESSIVE;
				CLANG_CXX_LANGUAGE_STANDARD = "gnu++17";
				CLANG_CXX_LIBRARY = "libc++";
				CLANG_ENABLE_MODULES = YES;
				CLANG_ENABLE_OBJC_ARC = YES;
				CLANG_ENABLE_OBJC_WEAK = YES;
				CLANG_WARN_BLOCK_CAPTURE_AUTORELEASING = YES;
				CLANG_WARN_BOOL_CONVERSION = YES;
				CLANG_WARN_COMMA = YES;
				CLANG_WARN_CONSTANT_CONVERSION = YES;
				CLANG_WARN_DEPRECATED_OBJC_IMPLEMENTATIONS = YES;
				CLANG_WARN_DIRECT_OBJC_ISA_USAGE = YES_ERROR;
				CLANG_WARN_DOCUMENTATION_COMMENTS = YES;
				CLANG_WARN_EMPTY_BODY = YES;
				CLANG_WARN_ENUM_CONVERSION = YES;
				CLANG_WARN_INFINITE_RECURSION = YES;
				CLANG_WARN_INT_CONVERSION = YES;
				CLANG_WARN_NON_LITERAL_NULL_CONVERSION = YES;
				CLANG_WARN_OBJC_IMPLICIT_RETAIN_SELF = YES;
				CLANG_WARN_OBJC_LITERAL_CONVERSION = YES;
				CLANG_WARN_OBJC_ROOT_CLASS = YES_ERROR;
				CLANG_WARN_QUOTED_INCLUDE_IN_FRAMEWORK_HEADER = YES;
				CLANG_WARN_RANGE_LOOP_ANALYSIS = YES;
				CLANG_WARN_STRICT_PROTOTYPES = YES;
				CLANG_WARN_SUSPICIOUS_MOVE = YES;
				CLANG_WARN_UNGUARDED_AVAILABILITY = YES_AGGRESSIVE;
				CLANG_WARN_UNREACHABLE_CODE = YES;
				CLANG_WARN__DUPLICATE_METHOD_MATCH = YES;
				COPY_PHASE_STRIP = NO;
				DEBUG_INFORMATION_FORMAT = dwarf;
				ENABLE_STRICT_OBJC_MSGSEND = YES;
				ENABLE_TESTABILITY = YES;
				GCC_C_LANGUAGE_STANDARD = gnu11;
				GCC_DYNAMIC_NO_PIC = NO;
				GCC_NO_COMMON_BLOCKS = YES;
				GCC_OPTIMIZATION_LEVEL = 0;
				GCC_PREPROCESSOR_DEFINITIONS = (
					"DEBUG=1",
					"$(inherited)",
				);
				GCC_WARN_64_TO_32_BIT_CONVERSION = YES;
				GCC_WARN_ABOUT_RETURN_TYPE = YES_ERROR;
				GCC_WARN_UNDECLARED_SELECTOR = YES;
				GCC_WARN_UNINITIALIZED_AUTOS = YES_AGGRESSIVE;
				GCC_WARN_UNUSED_FUNCTION = YES;
				GCC_WARN_UNUSED_VARIABLE = YES;
				IPHONEOS_DEPLOYMENT_TARGET = 15.0;
				MTL_ENABLE_DEBUG_INFO = INCLUDE_SOURCE;
				MTL_FAST_MATH = YES;
				ONLY_ACTIVE_ARCH = YES;
				SDKROOT = iphoneos;
				SWIFT_ACTIVE_COMPILATION_CONDITIONS = DEBUG;
				SWIFT_OPTIMIZATION_LEVEL = "-Onone";
			};
			name = Debug;
		};
		2497FE04273BFB0D00156AF7 /* Release */ = {
			isa = XCBuildConfiguration;
			buildSettings = {
				ALWAYS_SEARCH_USER_PATHS = NO;
				CLANG_ANALYZER_NONNULL = YES;
				CLANG_ANALYZER_NUMBER_OBJECT_CONVERSION = YES_AGGRESSIVE;
				CLANG_CXX_LANGUAGE_STANDARD = "gnu++17";
				CLANG_CXX_LIBRARY = "libc++";
				CLANG_ENABLE_MODULES = YES;
				CLANG_ENABLE_OBJC_ARC = YES;
				CLANG_ENABLE_OBJC_WEAK = YES;
				CLANG_WARN_BLOCK_CAPTURE_AUTORELEASING = YES;
				CLANG_WARN_BOOL_CONVERSION = YES;
				CLANG_WARN_COMMA = YES;
				CLANG_WARN_CONSTANT_CONVERSION = YES;
				CLANG_WARN_DEPRECATED_OBJC_IMPLEMENTATIONS = YES;
				CLANG_WARN_DIRECT_OBJC_ISA_USAGE = YES_ERROR;
				CLANG_WARN_DOCUMENTATION_COMMENTS = YES;
				CLANG_WARN_EMPTY_BODY = YES;
				CLANG_WARN_ENUM_CONVERSION = YES;
				CLANG_WARN_INFINITE_RECURSION = YES;
				CLANG_WARN_INT_CONVERSION = YES;
				CLANG_WARN_NON_LITERAL_NULL_CONVERSION = YES;
				CLANG_WARN_OBJC_IMPLICIT_RETAIN_SELF = YES;
				CLANG_WARN_OBJC_LITERAL_CONVERSION = YES;
				CLANG_WARN_OBJC_ROOT_CLASS = YES_ERROR;
				CLANG_WARN_QUOTED_INCLUDE_IN_FRAMEWORK_HEADER = YES;
				CLANG_WARN_RANGE_LOOP_ANALYSIS = YES;
				CLANG_WARN_STRICT_PROTOTYPES = YES;
				CLANG_WARN_SUSPICIOUS_MOVE = YES;
				CLANG_WARN_UNGUARDED_AVAILABILITY = YES_AGGRESSIVE;
				CLANG_WARN_UNREACHABLE_CODE = YES;
				CLANG_WARN__DUPLICATE_METHOD_MATCH = YES;
				COPY_PHASE_STRIP = NO;
				DEBUG_INFORMATION_FORMAT = "dwarf-with-dsym";
				ENABLE_NS_ASSERTIONS = NO;
				ENABLE_STRICT_OBJC_MSGSEND = YES;
				GCC_C_LANGUAGE_STANDARD = gnu11;
				GCC_NO_COMMON_BLOCKS = YES;
				GCC_WARN_64_TO_32_BIT_CONVERSION = YES;
				GCC_WARN_ABOUT_RETURN_TYPE = YES_ERROR;
				GCC_WARN_UNDECLARED_SELECTOR = YES;
				GCC_WARN_UNINITIALIZED_AUTOS = YES_AGGRESSIVE;
				GCC_WARN_UNUSED_FUNCTION = YES;
				GCC_WARN_UNUSED_VARIABLE = YES;
				IPHONEOS_DEPLOYMENT_TARGET = 15.0;
				MTL_ENABLE_DEBUG_INFO = NO;
				MTL_FAST_MATH = YES;
				SDKROOT = iphoneos;
				SWIFT_COMPILATION_MODE = wholemodule;
				SWIFT_OPTIMIZATION_LEVEL = "-O";
				VALIDATE_PRODUCT = YES;
			};
			name = Release;
		};
		2497FE06273BFB0D00156AF7 /* Debug */ = {
			isa = XCBuildConfiguration;
			buildSettings = {
				ASSETCATALOG_COMPILER_APPICON_NAME = AppIcon;
				ASSETCATALOG_COMPILER_GLOBAL_ACCENT_COLOR_NAME = AccentColor;
				CODE_SIGN_STYLE = Automatic;
				CURRENT_PROJECT_VERSION = 1;
				GENERATE_INFOPLIST_FILE = YES;
				INFOPLIST_FILE = "Stocks-app-UIKit/Info.plist";
				INFOPLIST_KEY_UIApplicationSupportsIndirectInputEvents = YES;
				INFOPLIST_KEY_UILaunchStoryboardName = LaunchScreen;
				INFOPLIST_KEY_UIMainStoryboardFile = Main;
				INFOPLIST_KEY_UISupportedInterfaceOrientations = UIInterfaceOrientationPortrait;
				INFOPLIST_KEY_UISupportedInterfaceOrientations_iPad = "UIInterfaceOrientationPortrait UIInterfaceOrientationPortraitUpsideDown UIInterfaceOrientationLandscapeLeft UIInterfaceOrientationLandscapeRight";
				INFOPLIST_KEY_UISupportedInterfaceOrientations_iPhone = "UIInterfaceOrientationPortrait UIInterfaceOrientationLandscapeLeft UIInterfaceOrientationLandscapeRight";
				LD_RUNPATH_SEARCH_PATHS = (
					"$(inherited)",
					"@executable_path/Frameworks",
				);
				MARKETING_VERSION = 1.0;
				PRODUCT_BUNDLE_IDENTIFIER = "com.123.Stocks-app-UIKit";
				PRODUCT_NAME = "$(TARGET_NAME)";
				SWIFT_EMIT_LOC_STRINGS = YES;
				SWIFT_VERSION = 5.0;
				TARGETED_DEVICE_FAMILY = 1;
			};
			name = Debug;
		};
		2497FE07273BFB0D00156AF7 /* Release */ = {
			isa = XCBuildConfiguration;
			buildSettings = {
				ASSETCATALOG_COMPILER_APPICON_NAME = AppIcon;
				ASSETCATALOG_COMPILER_GLOBAL_ACCENT_COLOR_NAME = AccentColor;
				CODE_SIGN_STYLE = Automatic;
				CURRENT_PROJECT_VERSION = 1;
				GENERATE_INFOPLIST_FILE = YES;
				INFOPLIST_FILE = "Stocks-app-UIKit/Info.plist";
				INFOPLIST_KEY_UIApplicationSupportsIndirectInputEvents = YES;
				INFOPLIST_KEY_UILaunchStoryboardName = LaunchScreen;
				INFOPLIST_KEY_UIMainStoryboardFile = Main;
				INFOPLIST_KEY_UISupportedInterfaceOrientations = UIInterfaceOrientationPortrait;
				INFOPLIST_KEY_UISupportedInterfaceOrientations_iPad = "UIInterfaceOrientationPortrait UIInterfaceOrientationPortraitUpsideDown UIInterfaceOrientationLandscapeLeft UIInterfaceOrientationLandscapeRight";
				INFOPLIST_KEY_UISupportedInterfaceOrientations_iPhone = "UIInterfaceOrientationPortrait UIInterfaceOrientationLandscapeLeft UIInterfaceOrientationLandscapeRight";
				LD_RUNPATH_SEARCH_PATHS = (
					"$(inherited)",
					"@executable_path/Frameworks",
				);
				MARKETING_VERSION = 1.0;
				PRODUCT_BUNDLE_IDENTIFIER = "com.123.Stocks-app-UIKit";
				PRODUCT_NAME = "$(TARGET_NAME)";
				SWIFT_EMIT_LOC_STRINGS = YES;
				SWIFT_VERSION = 5.0;
				TARGETED_DEVICE_FAMILY = 1;
			};
			name = Release;
		};
/* End XCBuildConfiguration section */

/* Begin XCConfigurationList section */
		2497FDEC273BFB0500156AF7 /* Build configuration list for PBXProject "Stocks-app-UIKit" */ = {
			isa = XCConfigurationList;
			buildConfigurations = (
				2497FE03273BFB0D00156AF7 /* Debug */,
				2497FE04273BFB0D00156AF7 /* Release */,
			);
			defaultConfigurationIsVisible = 0;
			defaultConfigurationName = Release;
		};
		2497FE05273BFB0D00156AF7 /* Build configuration list for PBXNativeTarget "Stocks-app-UIKit" */ = {
			isa = XCConfigurationList;
			buildConfigurations = (
				2497FE06273BFB0D00156AF7 /* Debug */,
				2497FE07273BFB0D00156AF7 /* Release */,
			);
			defaultConfigurationIsVisible = 0;
			defaultConfigurationName = Release;
		};
/* End XCConfigurationList section */
	};
	rootObject = 2497FDE9273BFB0500156AF7 /* Project object */;
}
